
Microsoft Visual Studio Solution File, Format Version 12.00
# Visual Studio Version 17
VisualStudioVersion = 17.11.35327.3
MinimumVisualStudioVersion = 10.0.40219.1
Project("{FAE04EC0-301F-11D3-BF4B-00C04F79EFBC}") = "Repository", "Repository\Repository.csproj", "{54E627FD-9A63-4808-ADD2-4910AC04401D}"
EndProject
Global
	GlobalSection(SolutionConfigurationPlatforms) = preSolution
		Debug|Any CPU = Debug|Any CPU
		Release|Any CPU = Release|Any CPU
	EndGlobalSection
	GlobalSection(ProjectConfigurationPlatforms) = postSolution
		{54E627FD-9A63-4808-ADD2-4910AC04401D}.Debug|Any CPU.ActiveCfg = Debug|Any CPU
		{54E627FD-9A63-4808-ADD2-4910AC04401D}.Debug|Any CPU.Build.0 = Debug|Any CPU
		{54E627FD-9A63-4808-ADD2-4910AC04401D}.Release|Any CPU.ActiveCfg = Release|Any CPU
		{54E627FD-9A63-4808-ADD2-4910AC04401D}.Release|Any CPU.Build.0 = Release|Any CPU
	EndGlobalSection
	GlobalSection(SolutionProperties) = preSolution
		HideSolutionNode = FALSE
	EndGlobalSection
	GlobalSection(ExtensibilityGlobals) = postSolution
		SolutionGuid = {13E80E5E-4064-4C8A-A136-8A3560D7B12C}
	EndGlobalSection
EndGlobal
